
Microsoft Visual Studio Solution File, Format Version 11.00
# Visual Studio 2010
Project("{F184B08F-C81C-45F6-A57F-5ABD9991F28F}") = "Slide7-10", "Slide7-10\Slide7-10.vbproj", "{414B2B38-6D2E-47ED-A3CE-1907B9975C85}"
EndProject
Global
	GlobalSection(SolutionConfigurationPlatforms) = preSolution
		Debug|x86 = Debug|x86
		Release|x86 = Release|x86
	EndGlobalSection
	GlobalSection(ProjectConfigurationPlatforms) = postSolution
		{414B2B38-6D2E-47ED-A3CE-1907B9975C85}.Debug|x86.ActiveCfg = Debug|x86
		{414B2B38-6D2E-47ED-A3CE-1907B9975C85}.Debug|x86.Build.0 = Debug|x86
		{414B2B38-6D2E-47ED-A3CE-1907B9975C85}.Release|x86.ActiveCfg = Release|x86
		{414B2B38-6D2E-47ED-A3CE-1907B9975C85}.Release|x86.Build.0 = Release|x86
	EndGlobalSection
	GlobalSection(SolutionProperties) = preSolution
		HideSolutionNode = FALSE
	EndGlobalSection
EndGlobal
